
Microsoft Visual Studio Solution File, Format Version 12.00
# Visual Studio Version 17
VisualStudioVersion = 17.7.34221.43
MinimumVisualStudioVersion = 10.0.40219.1
Project("{FAE04EC0-301F-11D3-BF4B-00C04F79EFBC}") = "Uygulama13", "Uygulama13\Uygulama13.csproj", "{BCE8713D-912A-4E3F-83CC-C34EB4030068}"
EndProject
Global
	GlobalSection(SolutionConfigurationPlatforms) = preSolution
		Debug|Any CPU = Debug|Any CPU
		Release|Any CPU = Release|Any CPU
	EndGlobalSection
	GlobalSection(ProjectConfigurationPlatforms) = postSolution
		{BCE8713D-912A-4E3F-83CC-C34EB4030068}.Debug|Any CPU.ActiveCfg = Debug|Any CPU
		{BCE8713D-912A-4E3F-83CC-C34EB4030068}.Debug|Any CPU.Build.0 = Debug|Any CPU
		{BCE8713D-912A-4E3F-83CC-C34EB4030068}.Release|Any CPU.ActiveCfg = Release|Any CPU
		{BCE8713D-912A-4E3F-83CC-C34EB4030068}.Release|Any CPU.Build.0 = Release|Any CPU
	EndGlobalSection
	GlobalSection(SolutionProperties) = preSolution
		HideSolutionNode = FALSE
	EndGlobalSection
	GlobalSection(ExtensibilityGlobals) = postSolution
		SolutionGuid = {D5F9187C-22E8-4822-B8E9-EAC89CC71960}
	EndGlobalSection
EndGlobal
